# THIS IS AN AUTOGENERATED FILE. DO NOT EDIT THIS FILE DIRECTLY.
# yarn lockfile v1


"@framer/framer.device-skin-apple-iphone8-silver@^1.0.0":
  version "1.0.0"
  resolved "https://registry.framer.com/@framer/framer.device-skin-apple-iphone8-silver/-/@framer/framer.device-skin-apple-iphone8-silver-1.0.0.tgz#f120cfe6d8cf96ead1f656ab7eeddb23d0644ac1"
  integrity sha512-EWPkH8T/pHrt84uOGRXGFhsfymXI9g9o55PbHcuPEW6c3kyUZULfFcaMdvd+InFIyS46oREybbxHzk7E3o859w==

"@microsoft/load-themed-styles@^1.7.13":
  version "1.9.20"
  resolved "https://registry.yarnpkg.com/@microsoft/load-themed-styles/-/load-themed-styles-1.9.20.tgz#be46eaa6721f239ff4685f5bf7a34c84c0fd3200"
  integrity sha512-hK65m0aZ1MEOBLATizg7OrPncpiGcycSkrfrGxHiTnJQaYkXR9ojqeAgQDyKJ+SWchbHw21iaYqPfl3E5FmlmA==

"@types/prop-types@*":
  version "15.7.0"
  resolved "https://registry.yarnpkg.com/@types/prop-types/-/prop-types-15.7.0.tgz#4c48fed958d6dcf9487195a0ef6456d5f6e0163a"
  integrity sha512-eItQyV43bj4rR3JPV0Skpl1SncRCdziTEK9/v8VwXmV6d/qOUO8/EuWeHBbCZcsfSHfzI5UyMJLCSXtxxznyZg==

"@types/react@^16.8":
  version "16.8.4"
  resolved "https://registry.yarnpkg.com/@types/react/-/react-16.8.4.tgz#134307f5266e866d5e7c25e47f31f9abd5b2ea34"
  integrity sha512-Mpz1NNMJvrjf0GcDqiK8+YeOydXfD8Mgag3UtqQ5lXYTsMnOiHcKmO48LiSWMb1rSHB9MV/jlgyNzeAVxWMZRQ==
  dependencies:
    "@types/prop-types" "*"
    csstype "^2.2.0"

"@uifabric/foundation@^7.2.0":
  version "7.2.0"
  resolved "https://registry.yarnpkg.com/@uifabric/foundation/-/foundation-7.2.0.tgz#39c759fd71228aa596ce8758877b82eed0795973"
  integrity sha512-H5Ao4E8Zp8CrJosZUMMkWa/81VrbUXXNc4fWhAu+RAA2EG4R7NK2n/aSeKbmL3hcsACFDGS/vDfz/KDUt2mq2Q==
  dependencies:
    "@uifabric/set-version" "^7.0.2"
    "@uifabric/styling" "^7.6.1"
    "@uifabric/utilities" "^7.0.8"
    tslib "^1.7.1"

"@uifabric/icons@^7.1.2":
  version "7.1.2"
  resolved "https://registry.yarnpkg.com/@uifabric/icons/-/icons-7.1.2.tgz#ad501af50835494d78a594cbba83eb22e19f4017"
  integrity sha512-ThYaeLXlB2nu6HAOfpDJUYRAcYKgSDrX6XFP7KOztk6pLlwQvhAPkK5bNULhWKyx+kg62mrtsP0+P9R+WCIJiQ==
  dependencies:
    "@uifabric/set-version" "^7.0.2"
    "@uifabric/styling" "^7.6.1"
    tslib "^1.7.1"

"@uifabric/merge-styles@^7.4.1", "@uifabric/merge-styles@^7.5.0":
  version "7.5.0"
  resolved "https://registry.yarnpkg.com/@uifabric/merge-styles/-/merge-styles-7.5.0.tgz#d58a76f3d128e4969e2248c128ef213dd6f815b7"
  integrity sha512-pnmEZ+Bt2FPcXV48LSYJORsHDtj6pLZcQJ0AQND51McgLA118UsTPf1WMsa64udnA3m/tFTLda0wPfvy8QpCbA==
  dependencies:
    "@uifabric/set-version" "^7.0.2"
    tslib "^1.7.1"

"@uifabric/set-version@^7.0.2":
  version "7.0.2"
  resolved "https://registry.yarnpkg.com/@uifabric/set-version/-/set-version-7.0.2.tgz#9e2aede95e5cad58151e6ab0f94cc6efaef68c13"
  integrity sha512-3mQp7gqPOqphwX74j+N/lJEFeivKPv8ryY9QFXUxVPnrXNwpIkDW9Wk6CPqArzgGvQngRRKYD/PcyP5iuHN52A==
  dependencies:
    tslib "^1.7.1"

"@uifabric/styling@^7.6.1":
  version "7.6.1"
  resolved "https://registry.yarnpkg.com/@uifabric/styling/-/styling-7.6.1.tgz#3bacc2a55e202643e14724d99725be21dc98c01e"
  integrity sha512-37rl+y27zcyEaTuyOgkzgmkjK8uuXNICOWi0J0hd5fCwkKZyCcQGkeji87zNDUYgLoks63V8Eg9F96eRbuiWLA==
  dependencies:
    "@microsoft/load-themed-styles" "^1.7.13"
    "@uifabric/merge-styles" "^7.4.1"
    "@uifabric/set-version" "^7.0.2"
    "@uifabric/utilities" "^7.0.8"
    tslib "^1.7.1"

"@uifabric/utilities@^7.0.8":
  version "7.0.8"
  resolved "https://registry.yarnpkg.com/@uifabric/utilities/-/utilities-7.0.8.tgz#4723778b571b010305371ff33b00b3c2d5cb2829"
  integrity sha512-hSaWlsdr0n2E01aYPVGc9TzWd9CWnDA3xNTa/h67cej6G3vBDufR1o5MBc02Q3UFYSS+3lef3mXMXq5Xpzdrjg==
  dependencies:
    "@uifabric/merge-styles" "^7.4.1"
    "@uifabric/set-version" "^7.0.2"
    prop-types "^15.5.10"
    tslib "^1.7.1"

csstype@^2.2.0:
  version "2.6.1"
  resolved "https://registry.yarnpkg.com/csstype/-/csstype-2.6.1.tgz#4cfbf637a577497036ebcd7e32647ef19a0b8076"
  integrity sha512-wv7IRqCGsL7WGKB8gPvrl+++HlFM9kxAM6jL1EXNPNTshEJYilMkbfS2SnuHha77uosp/YVK0wAp2jmlBzn1tg==

"js-tokens@^3.0.0 || ^4.0.0":
  version "4.0.0"
  resolved "https://registry.yarnpkg.com/js-tokens/-/js-tokens-4.0.0.tgz#19203fb59991df98e3a287050d4647cdeaf32499"
  integrity sha512-RdJUflcE3cUzKiMqQgsCu06FPu9UdIJO0beYbPhHN4k6apgJtifcoCtT9bcxOpYBtpD2kCM6Sbzg4CausW/PKQ==

loose-envify@^1.4.0:
  version "1.4.0"
  resolved "https://registry.yarnpkg.com/loose-envify/-/loose-envify-1.4.0.tgz#71ee51fa7be4caec1a63839f7e682d8132d30caf"
  integrity sha512-lyuxPGr/Wfhrlem2CL/UcnUc1zcqKAImBDzukY7Y5F/yQiNdko6+fRLevlw1HgMySw7f611UIY408EtxRSoK3Q==
  dependencies:
    js-tokens "^3.0.0 || ^4.0.0"

object-assign@^4.1.1:
  version "4.1.1"
  resolved "https://registry.yarnpkg.com/object-assign/-/object-assign-4.1.1.tgz#2109adc7965887cfc05cbbd442cac8bfbb360863"
  integrity sha1-IQmtx5ZYh8/AXLvUQsrIv7s2CGM=

office-ui-fabric-react@^7.28.2:
  version "7.28.2"
  resolved "https://registry.yarnpkg.com/office-ui-fabric-react/-/office-ui-fabric-react-7.28.2.tgz#9376e0d9606c5fa6d191676c6101ec27247546de"
  integrity sha512-ryFX8526g4HTEWVIPJ3VU2NeGZjGGoISuGrnu7+kc+RF9LMD29jsC+xBx1XtJ2BbJz4dAhU3tnsAEGXBo6EBwA==
  dependencies:
    "@microsoft/load-themed-styles" "^1.7.13"
    "@uifabric/foundation" "^7.2.0"
    "@uifabric/icons" "^7.1.2"
    "@uifabric/merge-styles" "^7.5.0"
    "@uifabric/set-version" "^7.0.2"
    "@uifabric/styling" "^7.6.1"
    "@uifabric/utilities" "^7.0.8"
    prop-types "^15.5.10"
    tslib "^1.7.1"

prop-types@^15.5.10:
  version "15.7.2"
  resolved "https://registry.yarnpkg.com/prop-types/-/prop-types-15.7.2.tgz#52c41e75b8c87e72b9d9360e0206b99dcbffa6c5"
  integrity sha512-8QQikdH7//R2vurIJSutZ1smHYTcLpRWEOlHnzcWHmBYrOGUysKwSsrC89BCiFj3CbrfJ/nXFdJepOVrY1GCHQ==
  dependencies:
    loose-envify "^1.4.0"
    object-assign "^4.1.1"
    react-is "^16.8.1"

react-is@^16.8.1:
  version "16.9.0"
  resolved "https://registry.yarnpkg.com/react-is/-/react-is-16.9.0.tgz#21ca9561399aad0ff1a7701c01683e8ca981edcb"
  integrity sha512-tJBzzzIgnnRfEm046qRcURvwQnZVXmuCbscxUO5RWrGTXpon2d4c8mI0D8WE6ydVIm29JiLB6+RslkIvym9Rjw==

reactn@^2.2.2:
  version "2.2.2"
  resolved "https://registry.yarnpkg.com/reactn/-/reactn-2.2.2.tgz#005e2cc18fb244cce2706c0912e29c5ac2288b04"
  integrity sha512-qyGkOw7e+IRsUVyMC/uFNH44B+4WfMIZJ9er7xNZT35c20S11pEihjaP60j6BNo4ZW4dJ+xiSZNhuY9IFfKt8Q==
  dependencies:
    use-force-update "^1.0.5"

tslib@^1.7.1:
  version "1.10.0"
  resolved "https://registry.yarnpkg.com/tslib/-/tslib-1.10.0.tgz#c3c19f95973fb0a62973fb09d90d961ee43e5c8a"
  integrity sha512-qOebF53frne81cf0S9B41ByenJ3/IuH8yJKngAX35CmiZySA0khhkovshKK+jGCaMnVomla7gVlIcc3EvKPbTQ==

use-force-update@^1.0.5:
  version "1.0.7"
  resolved "https://registry.yarnpkg.com/use-force-update/-/use-force-update-1.0.7.tgz#f5e672633f5a398b25c33b2287150918bcb3526b"
  integrity sha512-k5dppYhO+I5X/cd7ildbrzeMZJkWwdAh5adaIk0qKN2euh7J0h2GBGBcB4QZ385eyHHnp7LIygvebdRx3XKdwA==
